
Microsoft Visual Studio Solution File, Format Version 12.00
Project("{FAE04EC0-301F-11D3-BF4B-00C04F79EFBC}") = "SendingCommands", "SendingCommands\SendingCommands.csproj", "{DE9CA887-783C-43D9-B973-6D916306B84D}"
EndProject
Global
	GlobalSection(SolutionConfigurationPlatforms) = preSolution
		Debug|Any CPU = Debug|Any CPU
		Release|Any CPU = Release|Any CPU
	EndGlobalSection
	GlobalSection(ProjectConfigurationPlatforms) = postSolution
		{DE9CA887-783C-43D9-B973-6D916306B84D}.Debug|Any CPU.ActiveCfg = Debug|Any CPU
		{DE9CA887-783C-43D9-B973-6D916306B84D}.Debug|Any CPU.Build.0 = Debug|Any CPU
		{DE9CA887-783C-43D9-B973-6D916306B84D}.Release|Any CPU.ActiveCfg = Release|Any CPU
		{DE9CA887-783C-43D9-B973-6D916306B84D}.Release|Any CPU.Build.0 = Release|Any CPU
	EndGlobalSection
EndGlobal
